// !$*UTF8*$!
{
	archiveVersion = 1;
	classes = {
	};
	objectVersion = 46;
	objects = {

/* Begin PBXBuildFile section */
		755583AB1B2D45FF006020C4 /* main.m in Sources */ = {isa = PBXBuildFile; fileRef = 755583AA1B2D45FF006020C4 /* main.m */; };
		755583AE1B2D45FF006020C4 /* AppDelegate.m in Sources */ = {isa = PBXBuildFile; fileRef = 755583AD1B2D45FF006020C4 /* AppDelegate.m */; };
		755583B11B2D45FF006020C4 /* ViewController.m in Sources */ = {isa = PBXBuildFile; fileRef = 755583B01B2D45FF006020C4 /* ViewController.m */; };
		755583B41B2D45FF006020C4 /* Main.storyboard in Resources */ = {isa = PBXBuildFile; fileRef = 755583B21B2D45FF006020C4 /* Main.storyboard */; };
		755583B61B2D45FF006020C4 /* Images.xcassets in Resources */ = {isa = PBXBuildFile; fileRef = 755583B51B2D45FF006020C4 /* Images.xcassets */; };
		755583B91B2D45FF006020C4 /* LaunchScreen.xib in Resources */ = {isa = PBXBuildFile; fileRef = 755583B71B2D45FF006020C4 /* LaunchScreen.xib */; };
		755583C51B2D45FF006020C4 /* QXCheckBoxDemoTests.m in Sources */ = {isa = PBXBuildFile; fileRef = 755583C41B2D45FF006020C4 /* QXCheckBoxDemoTests.m */; };
		755583D31B2D460E006020C4 /* check_box.png in Resources */ = {isa = PBXBuildFile; fileRef = 755583CF1B2D460E006020C4 /* check_box.png */; };
		755583D41B2D460E006020C4 /* check_box_selected.png in Resources */ = {isa = PBXBuildFile; fileRef = 755583D01B2D460E006020C4 /* check_box_selected.png */; };
		755583D51B2D460E006020C4 /* QXCheckBox.m in Sources */ = {isa = PBXBuildFile; fileRef = 755583D21B2D460E006020C4 /* QXCheckBox.m */; };
/* End PBXBuildFile section */

/* Begin PBXContainerItemProxy section */
		755583BF1B2D45FF006020C4 /* PBXContainerItemProxy */ = {
			isa = PBXContainerItemProxy;
			containerPortal = 7555839D1B2D45FF006020C4 /* Project object */;
			proxyType = 1;
			remoteGlobalIDString = 755583A41B2D45FF006020C4;
			remoteInfo = QXCheckBoxDemo;
		};
/* End PBXContainerItemProxy section */

/* Begin PBXFileReference section */
		755583A51B2D45FF006020C4 /* QXCheckBoxDemo.app */ = {isa = PBXFileReference; explicitFileType = wrapper.application; includeInIndex = 0; path = QXCheckBoxDemo.app; sourceTree = BUILT_PRODUCTS_DIR; };
		755583A91B2D45FF006020C4 /* Info.plist */ = {isa = PBXFileReference; lastKnownFileType = text.plist.xml; path = Info.plist; sourceTree = "<group>"; };
		755583AA1B2D45FF006020C4 /* main.m */ = {isa = PBXFileReference; lastKnownFileType = sourcecode.c.objc; path = main.m; sourceTree = "<group>"; };
		755583AC1B2D45FF006020C4 /* AppDelegate.h */ = {isa = PBXFileReference; lastKnownFileType = sourcecode.c.h; path = AppDelegate.h; sourceTree = "<group>"; };
		755583AD1B2D45FF006020C4 /* AppDelegate.m */ = {isa = PBXFileReference; lastKnownFileType = sourcecode.c.objc; path = AppDelegate.m; sourceTree = "<group>"; };
		755583AF1B2D45FF006020C4 /* ViewController.h */ = {isa = PBXFileReference; lastKnownFileType = sourcecode.c.h; path = ViewController.h; sourceTree = "<group>"; };
		755583B01B2D45FF006020C4 /* ViewController.m */ = {isa = PBXFileReference; lastKnownFileType = sourcecode.c.objc; path = ViewController.m; sourceTree = "<group>"; };
		755583B31B2D45FF006020C4 /* Base */ = {isa = PBXFileReference; lastKnownFileType = file.storyboard; name = Base; path = Base.lproj/Main.storyboard; sourceTree = "<group>"; };
		755583B51B2D45FF006020C4 /* Images.xcassets */ = {isa = PBXFileReference; lastKnownFileType = folder.assetcatalog; path = Images.xcassets; sourceTree = "<group>"; };
		755583B81B2D45FF006020C4 /* Base */ = {isa = PBXFileReference; lastKnownFileType = file.xib; name = Base; path = Base.lproj/LaunchScreen.xib; sourceTree = "<group>"; };
		755583BE1B2D45FF006020C4 /* QXCheckBoxDemoTests.xctest */ = {isa = PBXFileReference; explicitFileType = wrapper.cfbundle; includeInIndex = 0; path = QXCheckBoxDemoTests.xctest; sourceTree = BUILT_PRODUCTS_DIR; };
		755583C31B2D45FF006020C4 /* Info.plist */ = {isa = PBXFileReference; lastKnownFileType = text.plist.xml; path = Info.plist; sourceTree = "<group>"; };
		755583C41B2D45FF006020C4 /* QXCheckBoxDemoTests.m */ = {isa = PBXFileReference; lastKnownFileType = sourcecode.c.objc; path = QXCheckBoxDemoTests.m; sourceTree = "<group>"; };
		755583CF1B2D460E006020C4 /* check_box.png */ = {isa = PBXFileReference; lastKnownFileType = image.png; path = check_box.png; sourceTree = "<group>"; };
		755583D01B2D460E006020C4 /* check_box_selected.png */ = {isa = PBXFileReference; lastKnownFileType = image.png; path = check_box_selected.png; sourceTree = "<group>"; };
		755583D11B2D460E006020C4 /* QXCheckBox.h */ = {isa = PBXFileReference; fileEncoding = 4; lastKnownFileType = sourcecode.c.h; path = QXCheckBox.h; sourceTree = "<group>"; };
		755583D21B2D460E006020C4 /* QXCheckBox.m */ = {isa = PBXFileReference; fileEncoding = 4; lastKnownFileType = sourcecode.c.objc; path = QXCheckBox.m; sourceTree = "<group>"; };
/* End PBXFileReference section */

/* Begin PBXFrameworksBuildPhase section */
		755583A21B2D45FF006020C4 /* Frameworks */ = {
			isa = PBXFrameworksBuildPhase;
			buildActionMask = 2147483647;
			files = (
			);
			runOnlyForDeploymentPostprocessing = 0;
		};
		755583BB1B2D45FF006020C4 /* Frameworks */ = {
			isa = PBXFrameworksBuildPhase;
			buildActionMask = 2147483647;
			files = (
			);
			runOnlyForDeploymentPostprocessing = 0;
		};
/* End PBXFrameworksBuildPhase section */

/* Begin PBXGroup section */
		7555839C1B2D45FF006020C4 = {
			isa = PBXGroup;
			children = (
				755583A71B2D45FF006020C4 /* QXCheckBoxDemo */,
				755583C11B2D45FF006020C4 /* QXCheckBoxDemoTests */,
				755583A61B2D45FF006020C4 /* Products */,
			);
			sourceTree = "<group>";
		};
		755583A61B2D45FF006020C4 /* Products */ = {
			isa = PBXGroup;
			children = (
				755583A51B2D45FF006020C4 /* QXCheckBoxDemo.app */,
				755583BE1B2D45FF006020C4 /* QXCheckBoxDemoTests.xctest */,
			);
			name = Products;
			sourceTree = "<group>";
		};
		755583A71B2D45FF006020C4 /* QXCheckBoxDemo */ = {
			isa = PBXGroup;
			children = (
				755583CE1B2D460E006020C4 /* QXCheckBox */,
				755583AC1B2D45FF006020C4 /* AppDelegate.h */,
				755583AD1B2D45FF006020C4 /* AppDelegate.m */,
				755583AF1B2D45FF006020C4 /* ViewController.h */,
				755583B01B2D45FF006020C4 /* ViewController.m */,
				755583B21B2D45FF006020C4 /* Main.storyboard */,
				755583B51B2D45FF006020C4 /* Images.xcassets */,
				755583B71B2D45FF006020C4 /* LaunchScreen.xib */,
				755583A81B2D45FF006020C4 /* Supporting Files */,
			);
			path = QXCheckBoxDemo;
			sourceTree = "<group>";
		};
		755583A81B2D45FF006020C4 /* Supporting Files */ = {
			isa = PBXGroup;
			children = (
				755583A91B2D45FF006020C4 /* Info.plist */,
				755583AA1B2D45FF006020C4 /* main.m */,
			);
			name = "Supporting Files";
			sourceTree = "<group>";
		};
		755583C11B2D45FF006020C4 /* QXCheckBoxDemoTests */ = {
			isa = PBXGroup;
			children = (
				755583C41B2D45FF006020C4 /* QXCheckBoxDemoTests.m */,
				755583C21B2D45FF006020C4 /* Supporting Files */,
			);
			path = QXCheckBoxDemoTests;
			sourceTree = "<group>";
		};
		755583C21B2D45FF006020C4 /* Supporting Files */ = {
			isa = PBXGroup;
			children = (
				755583C31B2D45FF006020C4 /* Info.plist */,
			);
			name = "Supporting Files";
			sourceTree = "<group>";
		};
		755583CE1B2D460E006020C4 /* QXCheckBox */ = {
			isa = PBXGroup;
			children = (
				755583CF1B2D460E006020C4 /* check_box.png */,
				755583D01B2D460E006020C4 /* check_box_selected.png */,
				755583D11B2D460E006020C4 /* QXCheckBox.h */,
				755583D21B2D460E006020C4 /* QXCheckBox.m */,
			);
			path = QXCheckBox;
			sourceTree = "<group>";
		};
/* End PBXGroup section */

/* Begin PBXNativeTarget section */
		755583A41B2D45FF006020C4 /* QXCheckBoxDemo */ = {
			isa = PBXNativeTarget;
			buildConfigurationList = 755583C81B2D45FF006020C4 /* Build configuration list for PBXNativeTarget "QXCheckBoxDemo" */;
			buildPhases = (
				755583A11B2D45FF006020C4 /* Sources */,
				755583A21B2D45FF006020C4 /* Frameworks */,
				755583A31B2D45FF006020C4 /* Resources */,
			);
			buildRules = (
			);
			dependencies = (
			);
			name = QXCheckBoxDemo;
			productName = QXCheckBoxDemo;
			productReference = 755583A51B2D45FF006020C4 /* QXCheckBoxDemo.app */;
			productType = "com.apple.product-type.application";
		};
		755583BD1B2D45FF006020C4 /* QXCheckBoxDemoTests */ = {
			isa = PBXNativeTarget;
			buildConfigurationList = 755583CB1B2D45FF006020C4 /* Build configuration list for PBXNativeTarget "QXCheckBoxDemoTests" */;
			buildPhases = (
				755583BA1B2D45FF006020C4 /* Sources */,
				755583BB1B2D45FF006020C4 /* Frameworks */,
				755583BC1B2D45FF006020C4 /* Resources */,
			);
			buildRules = (
			);
			dependencies = (
				755583C01B2D45FF006020C4 /* PBXTargetDependency */,
			);
			name = QXCheckBoxDemoTests;
			productName = QXCheckBoxDemoTests;
			productReference = 755583BE1B2D45FF006020C4 /* QXCheckBoxDemoTests.xctest */;
			productType = "com.apple.product-type.bundle.unit-test";
		};
/* End PBXNativeTarget section */

/* Begin PBXProject section */
		7555839D1B2D45FF006020C4 /* Project object */ = {
			isa = PBXProject;
			attributes = {
				LastUpgradeCheck = 0630;
				ORGANIZATIONNAME = labi3285_Lab;
				TargetAttributes = {
					755583A41B2D45FF006020C4 = {
						CreatedOnToolsVersion = 6.3;
					};
					755583BD1B2D45FF006020C4 = {
						CreatedOnToolsVersion = 6.3;
						TestTargetID = 755583A41B2D45FF006020C4;
					};
				};
			};
			buildConfigurationList = 755583A01B2D45FF006020C4 /* Build configuration list for PBXProject "QXCheckBoxDemo" */;
			compatibilityVersion = "Xcode 3.2";
			developmentRegion = English;
			hasScannedForEncodings = 0;
			knownRegions = (
				en,
				Base,
			);
			mainGroup = 7555839C1B2D45FF006020C4;
			productRefGroup = 755583A61B2D45FF006020C4 /* Products */;
			projectDirPath = "";
			projectRoot = "";
			targets = (
				755583A41B2D45FF006020C4 /* QXCheckBoxDemo */,
				755583BD1B2D45FF006020C4 /* QXCheckBoxDemoTests */,
			);
		};
/* End PBXProject section */

/* Begin PBXResourcesBuildPhase section */
		755583A31B2D45FF006020C4 /* Resources */ = {
			isa = PBXResourcesBuildPhase;
			buildActionMask = 2147483647;
			files = (
				755583B41B2D45FF006020C4 /* Main.storyboard in Resources */,
				755583B91B2D45FF006020C4 /* LaunchScreen.xib in Resources */,
				755583D41B2D460E006020C4 /* check_box_selected.png in Resources */,
				755583D31B2D460E006020C4 /* check_box.png in Resources */,
				755583B61B2D45FF006020C4 /* Images.xcassets in Resources */,
			);
			runOnlyForDeploymentPostprocessing = 0;
		};
		755583BC1B2D45FF006020C4 /* Resources */ = {
			isa = PBXResourcesBuildPhase;
			buildActionMask = 2147483647;
			files = (
			);
			runOnlyForDeploymentPostprocessing = 0;
		};
/* End PBXResourcesBuildPhase section */

/* Begin PBXSourcesBuildPhase section */
		755583A11B2D45FF006020C4 /* Sources */ = {
			isa = PBXSourcesBuildPhase;
			buildActionMask = 2147483647;
			files = (
				755583B11B2D45FF006020C4 /* ViewController.m in Sources */,
				755583AE1B2D45FF006020C4 /* AppDelegate.m in Sources */,
				755583AB1B2D45FF006020C4 /* main.m in Sources */,
				755583D51B2D460E006020C4 /* QXCheckBox.m in Sources */,
			);
			runOnlyForDeploymentPostprocessing = 0;
		};
		755583BA1B2D45FF006020C4 /* Sources */ = {
			isa = PBXSourcesBuildPhase;
			buildActionMask = 2147483647;
			files = (
				755583C51B2D45FF006020C4 /* QXCheckBoxDemoTests.m in Sources */,
			);
			runOnlyForDeploymentPostprocessing = 0;
		};
/* End PBXSourcesBuildPhase section */

/* Begin PBXTargetDependency section */
		755583C01B2D45FF006020C4 /* PBXTargetDependency */ = {
			isa = PBXTargetDependency;
			target = 755583A41B2D45FF006020C4 /* QXCheckBoxDemo */;
			targetProxy = 755583BF1B2D45FF006020C4 /* PBXContainerItemProxy */;
		};
/* End PBXTargetDependency section */

/* Begin PBXVariantGroup section */
		755583B21B2D45FF006020C4 /* Main.storyboard */ = {
			isa = PBXVariantGroup;
			children = (
				755583B31B2D45FF006020C4 /* Base */,
			);
			name = Main.storyboard;
			sourceTree = "<group>";
		};
		755583B71B2D45FF006020C4 /* LaunchScreen.xib */ = {
			isa = PBXVariantGroup;
			children = (
				755583B81B2D45FF006020C4 /* Base */,
			);
			name = LaunchScreen.xib;
			sourceTree = "<group>";
		};
/* End PBXVariantGroup section */

/* Begin XCBuildConfiguration section */
		755583C61B2D45FF006020C4 /* Debug */ = {
			isa = XCBuildConfiguration;
			buildSettings = {
				ALWAYS_SEARCH_USER_PATHS = NO;
				CLANG_CXX_LANGUAGE_STANDARD = "gnu++0x";
				CLANG_CXX_LIBRARY = "libc++";
				CLANG_ENABLE_MODULES = YES;
				CLANG_ENABLE_OBJC_ARC = YES;
				CLANG_WARN_BOOL_CONVERSION = YES;
				CLANG_WARN_CONSTANT_CONVERSION = YES;
				CLANG_WARN_DIRECT_OBJC_ISA_USAGE = YES_ERROR;
				CLANG_WARN_EMPTY_BODY = YES;
				CLANG_WARN_ENUM_CONVERSION = YES;
				CLANG_WARN_INT_CONVERSION = YES;
				CLANG_WARN_OBJC_ROOT_CLASS = YES_ERROR;
				CLANG_WARN_UNREACHABLE_CODE = YES;
				CLANG_WARN__DUPLICATE_METHOD_MATCH = YES;
				"CODE_SIGN_IDENTITY[sdk=iphoneos*]" = "iPhone Developer";
				COPY_PHASE_STRIP = NO;
				DEBUG_INFORMATION_FORMAT = "dwarf-with-dsym";
				ENABLE_STRICT_OBJC_MSGSEND = YES;
				GCC_C_LANGUAGE_STANDARD = gnu99;
				GCC_DYNAMIC_NO_PIC = NO;
				GCC_NO_COMMON_BLOCKS = YES;
				GCC_OPTIMIZATION_LEVEL = 0;
				GCC_PREPROCESSOR_DEFINITIONS = (
					"DEBUG=1",
					"$(inherited)",
				);
				GCC_SYMBOLS_PRIVATE_EXTERN = NO;
				GCC_WARN_64_TO_32_BIT_CONVERSION = YES;
				GCC_WARN_ABOUT_RETURN_TYPE = YES_ERROR;
				GCC_WARN_UNDECLARED_SELECTOR = YES;
				GCC_WARN_UNINITIALIZED_AUTOS = YES_AGGRESSIVE;
				GCC_WARN_UNUSED_FUNCTION = YES;
				GCC_WARN_UNUSED_VARIABLE = YES;
				IPHONEOS_DEPLOYMENT_TARGET = 8.3;
				MTL_ENABLE_DEBUG_INFO = YES;
				ONLY_ACTIVE_ARCH = YES;
				SDKROOT = iphoneos;
			};
			name = Debug;
		};
		755583C71B2D45FF006020C4 /* Release */ = {
			isa = XCBuildConfiguration;
			buildSettings = {
				ALWAYS_SEARCH_USER_PATHS = NO;
				CLANG_CXX_LANGUAGE_STANDARD = "gnu++0x";
				CLANG_CXX_LIBRARY = "libc++";
				CLANG_ENABLE_MODULES = YES;
				CLANG_ENABLE_OBJC_ARC = YES;
				CLANG_WARN_BOOL_CONVERSION = YES;
				CLANG_WARN_CONSTANT_CONVERSION = YES;
				CLANG_WARN_DIRECT_OBJC_ISA_USAGE = YES_ERROR;
				CLANG_WARN_EMPTY_BODY = YES;
				CLANG_WARN_ENUM_CONVERSION = YES;
				CLANG_WARN_INT_CONVERSION = YES;
				CLANG_WARN_OBJC_ROOT_CLASS = YES_ERROR;
				CLANG_WARN_UNREACHABLE_CODE = YES;
				CLANG_WARN__DUPLICATE_METHOD_MATCH = YES;
				"CODE_SIGN_IDENTITY[sdk=iphoneos*]" = "iPhone Developer";
				COPY_PHASE_STRIP = NO;
				DEBUG_INFORMATION_FORMAT = "dwarf-with-dsym";
				ENABLE_NS_ASSERTIONS = NO;
				ENABLE_STRICT_OBJC_MSGSEND = YES;
				GCC_C_LANGUAGE_STANDARD = gnu99;
				GCC_NO_COMMON_BLOCKS = YES;
				GCC_WARN_64_TO_32_BIT_CONVERSION = YES;
				GCC_WARN_ABOUT_RETURN_TYPE = YES_ERROR;
				GCC_WARN_UNDECLARED_SELECTOR = YES;
				GCC_WARN_UNINITIALIZED_AUTOS = YES_AGGRESSIVE;
				GCC_WARN_UNUSED_FUNCTION = YES;
				GCC_WARN_UNUSED_VARIABLE = YES;
				IPHONEOS_DEPLOYMENT_TARGET = 8.3;
				MTL_ENABLE_DEBUG_INFO = NO;
				SDKROOT = iphoneos;
				VALIDATE_PRODUCT = YES;
			};
			name = Release;
		};
		755583C91B2D45FF006020C4 /* Debug */ = {
			isa = XCBuildConfiguration;
			buildSettings = {
				ASSETCATALOG_COMPILER_APPICON_NAME = AppIcon;
				INFOPLIST_FILE = QXCheckBoxDemo/Info.plist;
				LD_RUNPATH_SEARCH_PATHS = "$(inherited) @executable_path/Frameworks";
				PRODUCT_NAME = "$(TARGET_NAME)";
			};
			name = Debug;
		};
		755583CA1B2D45FF006020C4 /* Release */ = {
			isa = XCBuildConfiguration;
			buildSettings = {
				ASSETCATALOG_COMPILER_APPICON_NAME = AppIcon;
				INFOPLIST_FILE = QXCheckBoxDemo/Info.plist;
				LD_RUNPATH_SEARCH_PATHS = "$(inherited) @executable_path/Frameworks";
				PRODUCT_NAME = "$(TARGET_NAME)";
			};
			name = Release;
		};
		755583CC1B2D45FF006020C4 /* Debug */ = {
			isa = XCBuildConfiguration;
			buildSettings = {
				BUNDLE_LOADER = "$(TEST_HOST)";
				FRAMEWORK_SEARCH_PATHS = (
					"$(SDKROOT)/Developer/Library/Frameworks",
					"$(inherited)",
				);
				GCC_PREPROCESSOR_DEFINITIONS = (
					"DEBUG=1",
					"$(inherited)",
				);
				INFOPLIST_FILE = QXCheckBoxDemoTests/Info.plist;
				LD_RUNPATH_SEARCH_PATHS = "$(inherited) @executable_path/Frameworks @loader_path/Frameworks";
				PRODUCT_NAME = "$(TARGET_NAME)";
				TEST_HOST = "$(BUILT_PRODUCTS_DIR)/QXCheckBoxDemo.app/QXCheckBoxDemo";
			};
			name = Debug;
		};
		755583CD1B2D45FF006020C4 /* Release */ = {
			isa = XCBuildConfiguration;
			buildSettings = {
				BUNDLE_LOADER = "$(TEST_HOST)";
				FRAMEWORK_SEARCH_PATHS = (
					"$(SDKROOT)/Developer/Library/Frameworks",
					"$(inherited)",
				);
				INFOPLIST_FILE = QXCheckBoxDemoTests/Info.plist;
				LD_RUNPATH_SEARCH_PATHS = "$(inherited) @executable_path/Frameworks @loader_path/Frameworks";
				PRODUCT_NAME = "$(TARGET_NAME)";
				TEST_HOST = "$(BUILT_PRODUCTS_DIR)/QXCheckBoxDemo.app/QXCheckBoxDemo";
			};
			name = Release;
		};
/* End XCBuildConfiguration section */

/* Begin XCConfigurationList section */
		755583A01B2D45FF006020C4 /* Build configuration list for PBXProject "QXCheckBoxDemo" */ = {
			isa = XCConfigurationList;
			buildConfigurations = (
				755583C61B2D45FF006020C4 /* Debug */,
				755583C71B2D45FF006020C4 /* Release */,
			);
			defaultConfigurationIsVisible = 0;
			defaultConfigurationName = Release;
		};
		755583C81B2D45FF006020C4 /* Build configuration list for PBXNativeTarget "QXCheckBoxDemo" */ = {
			isa = XCConfigurationList;
			buildConfigurations = (
				755583C91B2D45FF006020C4 /* Debug */,
				755583CA1B2D45FF006020C4 /* Release */,
			);
			defaultConfigurationIsVisible = 0;
		};
		755583CB1B2D45FF006020C4 /* Build configuration list for PBXNativeTarget "QXCheckBoxDemoTests" */ = {
			isa = XCConfigurationList;
			buildConfigurations = (
				755583CC1B2D45FF006020C4 /* Debug */,
				755583CD1B2D45FF006020C4 /* Release */,
			);
			defaultConfigurationIsVisible = 0;
		};
/* End XCConfigurationList section */
	};
	rootObject = 7555839D1B2D45FF006020C4 /* Project object */;
}
